
Microsoft Visual Studio Solution File, Format Version 12.00
# Visual Studio 2012
Project("{8BC9CEB8-8B4A-11D0-8D11-00A0C91BC942}") = "10", "10\10.vcxproj", "{BFF46C86-8D7A-4D29-BE08-5E190BC4E352}"
EndProject
Global
	GlobalSection(SolutionConfigurationPlatforms) = preSolution
		Debug|Win32 = Debug|Win32
		Release|Win32 = Release|Win32
	EndGlobalSection
	GlobalSection(ProjectConfigurationPlatforms) = postSolution
		{BFF46C86-8D7A-4D29-BE08-5E190BC4E352}.Debug|Win32.ActiveCfg = Debug|Win32
		{BFF46C86-8D7A-4D29-BE08-5E190BC4E352}.Debug|Win32.Build.0 = Debug|Win32
		{BFF46C86-8D7A-4D29-BE08-5E190BC4E352}.Release|Win32.ActiveCfg = Release|Win32
		{BFF46C86-8D7A-4D29-BE08-5E190BC4E352}.Release|Win32.Build.0 = Release|Win32
	EndGlobalSection
	GlobalSection(SolutionProperties) = preSolution
		HideSolutionNode = FALSE
	EndGlobalSection
EndGlobal
